{
  "requires": true,
  "lockfileVersion": 1,
  "dependencies": {
    "@angular/animations": {
      "version": "12.0.4",
      "resolved": "https://registry.npmjs.org/@angular/animations/-/animations-12.0.4.tgz",
      "integrity": "sha512-lpKVhTb77p23jmfiwA4hhaHDC5sO3qU8lDvQ+ePrSZ660WBckBEXzwYdqhaOmmMjQJZpJPPoP5QF5XExLGltaQ==",
      "requires": {
        "tslib": "^2.1.0"
      }
    },
    "ngx-toastr": {
      "version": "14.0.0",
      "resolved": "https://registry.npmjs.org/ngx-toastr/-/ngx-toastr-14.0.0.tgz",
      "integrity": "sha512-dnDzSY73pF6FvNyxdh6ftfvXvUg6SU7MAT3orPUCzA77t3ZcFslro06zk4NCA2g67RF7dBwM0OJ/y0SN6fdGYw==",
      "requires": {
        "tslib": "^2.1.0"
      }
    },
    "tslib": {
      "version": "2.2.0",
      "resolved": "https://registry.npmjs.org/tslib/-/tslib-2.2.0.tgz",
      "integrity": "sha512-gS9GVHRU+RGn5KQM2rllAlR3dU6m7AcpJKdtH8gFvQiC4Otgk98XnmMU+nZenHt/+VhnBPWwgrJsyrdcw6i23w=="
    }
  }
}
